
Microsoft Visual Studio Solution File, Format Version 12.00
# Visual Studio Version 16
VisualStudioVersion = 16.0.30804.86
MinimumVisualStudioVersion = 10.0.40219.1
Project("{FAE04EC0-301F-11D3-BF4B-00C04F79EFBC}") = "Практическая работа№1", "Практическая работа№1.csproj", "{20228362-F4CC-44D2-8FF4-736686461325}"
EndProject
Global
	GlobalSection(SolutionConfigurationPlatforms) = preSolution
		Debug|Any CPU = Debug|Any CPU
		Release|Any CPU = Release|Any CPU
	EndGlobalSection
	GlobalSection(ProjectConfigurationPlatforms) = postSolution
		{20228362-F4CC-44D2-8FF4-736686461325}.Debug|Any CPU.ActiveCfg = Debug|Any CPU
		{20228362-F4CC-44D2-8FF4-736686461325}.Debug|Any CPU.Build.0 = Debug|Any CPU
		{20228362-F4CC-44D2-8FF4-736686461325}.Release|Any CPU.ActiveCfg = Release|Any CPU
		{20228362-F4CC-44D2-8FF4-736686461325}.Release|Any CPU.Build.0 = Release|Any CPU
	EndGlobalSection
	GlobalSection(SolutionProperties) = preSolution
		HideSolutionNode = FALSE
	EndGlobalSection
	GlobalSection(ExtensibilityGlobals) = postSolution
		SolutionGuid = {4D227550-0453-4892-86CD-EB6F6CDD5E4C}
	EndGlobalSection
EndGlobal
